
Microsoft Visual Studio Solution File, Format Version 12.00
# Visual Studio Version 17
VisualStudioVersion = 17.8.34330.188
MinimumVisualStudioVersion = 10.0.40219.1
Project("{FAE04EC0-301F-11D3-BF4B-00C04F79EFBC}") = "WpfApp1", "WpfApp1\WpfApp1.csproj", "{A42CE0D3-414C-4B34-9F2F-DC7A622E59D5}"
EndProject
Global
	GlobalSection(SolutionConfigurationPlatforms) = preSolution
		Debug|Any CPU = Debug|Any CPU
		Release|Any CPU = Release|Any CPU
	EndGlobalSection
	GlobalSection(ProjectConfigurationPlatforms) = postSolution
		{A42CE0D3-414C-4B34-9F2F-DC7A622E59D5}.Debug|Any CPU.ActiveCfg = Debug|Any CPU
		{A42CE0D3-414C-4B34-9F2F-DC7A622E59D5}.Debug|Any CPU.Build.0 = Debug|Any CPU
		{A42CE0D3-414C-4B34-9F2F-DC7A622E59D5}.Release|Any CPU.ActiveCfg = Release|Any CPU
		{A42CE0D3-414C-4B34-9F2F-DC7A622E59D5}.Release|Any CPU.Build.0 = Release|Any CPU
	EndGlobalSection
	GlobalSection(SolutionProperties) = preSolution
		HideSolutionNode = FALSE
	EndGlobalSection
	GlobalSection(ExtensibilityGlobals) = postSolution
		SolutionGuid = {AE358F65-A690-49C7-9C3E-08A26712E8BA}
	EndGlobalSection
EndGlobal
